
Microsoft Visual Studio Solution File, Format Version 12.00
# Visual Studio 2013
VisualStudioVersion = 12.0.31101.0
MinimumVisualStudioVersion = 10.0.40219.1
Project("{FAE04EC0-301F-11D3-BF4B-00C04F79EFBC}") = "GitHubTest.Core", "GitHubTest.Core\GitHubTest.Core.csproj", "{66CEDE37-478C-4F91-A2A4-4C28D87D3283}"
EndProject
Project("{FAE04EC0-301F-11D3-BF4B-00C04F79EFBC}") = "GitHubTest.iOS", "GitHubTest.iOS\GitHubTest.iOS.csproj", "{13246D8B-B197-4150-A287-F9B82ACF91C8}"
EndProject
Project("{FAE04EC0-301F-11D3-BF4B-00C04F79EFBC}") = "GitHubTest.Droid", "GitHubTest.Droid\GitHubTest.Droid.csproj", "{8CF6972F-12F8-4EAC-B711-4177948C9273}"
EndProject
Global
	GlobalSection(SolutionConfigurationPlatforms) = preSolution
		Ad-Hoc|Any CPU = Ad-Hoc|Any CPU
		Ad-Hoc|iPhone = Ad-Hoc|iPhone
		Ad-Hoc|iPhoneSimulator = Ad-Hoc|iPhoneSimulator
		Ad-Hoc|Mixed Platforms = Ad-Hoc|Mixed Platforms
		AppStore|Any CPU = AppStore|Any CPU
		AppStore|iPhone = AppStore|iPhone
		AppStore|iPhoneSimulator = AppStore|iPhoneSimulator
		AppStore|Mixed Platforms = AppStore|Mixed Platforms
		Debug|Any CPU = Debug|Any CPU
		Debug|iPhone = Debug|iPhone
		Debug|iPhoneSimulator = Debug|iPhoneSimulator
		Debug|Mixed Platforms = Debug|Mixed Platforms
		Release|Any CPU = Release|Any CPU
		Release|iPhone = Release|iPhone
		Release|iPhoneSimulator = Release|iPhoneSimulator
		Release|Mixed Platforms = Release|Mixed Platforms
	EndGlobalSection
	GlobalSection(ProjectConfigurationPlatforms) = postSolution
		{66CEDE37-478C-4F91-A2A4-4C28D87D3283}.Ad-Hoc|Any CPU.ActiveCfg = Release|Any CPU
		{66CEDE37-478C-4F91-A2A4-4C28D87D3283}.Ad-Hoc|Any CPU.Build.0 = Release|Any CPU
		{66CEDE37-478C-4F91-A2A4-4C28D87D3283}.Ad-Hoc|iPhone.ActiveCfg = Release|Any CPU
		{66CEDE37-478C-4F91-A2A4-4C28D87D3283}.Ad-Hoc|iPhoneSimulator.ActiveCfg = Release|Any CPU
		{66CEDE37-478C-4F91-A2A4-4C28D87D3283}.Ad-Hoc|Mixed Platforms.ActiveCfg = Release|Any CPU
		{66CEDE37-478C-4F91-A2A4-4C28D87D3283}.Ad-Hoc|Mixed Platforms.Build.0 = Release|Any CPU
		{66CEDE37-478C-4F91-A2A4-4C28D87D3283}.AppStore|Any CPU.ActiveCfg = Release|Any CPU
		{66CEDE37-478C-4F91-A2A4-4C28D87D3283}.AppStore|Any CPU.Build.0 = Release|Any CPU
		{66CEDE37-478C-4F91-A2A4-4C28D87D3283}.AppStore|iPhone.ActiveCfg = Release|Any CPU
		{66CEDE37-478C-4F91-A2A4-4C28D87D3283}.AppStore|iPhoneSimulator.ActiveCfg = Release|Any CPU
		{66CEDE37-478C-4F91-A2A4-4C28D87D3283}.AppStore|Mixed Platforms.ActiveCfg = Release|Any CPU
		{66CEDE37-478C-4F91-A2A4-4C28D87D3283}.AppStore|Mixed Platforms.Build.0 = Release|Any CPU
		{66CEDE37-478C-4F91-A2A4-4C28D87D3283}.Debug|Any CPU.ActiveCfg = Debug|Any CPU
		{66CEDE37-478C-4F91-A2A4-4C28D87D3283}.Debug|Any CPU.Build.0 = Debug|Any CPU
		{66CEDE37-478C-4F91-A2A4-4C28D87D3283}.Debug|iPhone.ActiveCfg = Debug|Any CPU
		{66CEDE37-478C-4F91-A2A4-4C28D87D3283}.Debug|iPhoneSimulator.ActiveCfg = Debug|Any CPU
		{66CEDE37-478C-4F91-A2A4-4C28D87D3283}.Debug|iPhoneSimulator.Build.0 = Debug|Any CPU
		{66CEDE37-478C-4F91-A2A4-4C28D87D3283}.Debug|Mixed Platforms.ActiveCfg = Debug|Any CPU
		{66CEDE37-478C-4F91-A2A4-4C28D87D3283}.Debug|Mixed Platforms.Build.0 = Debug|Any CPU
		{66CEDE37-478C-4F91-A2A4-4C28D87D3283}.Release|Any CPU.ActiveCfg = Release|Any CPU
		{66CEDE37-478C-4F91-A2A4-4C28D87D3283}.Release|Any CPU.Build.0 = Release|Any CPU
		{66CEDE37-478C-4F91-A2A4-4C28D87D3283}.Release|iPhone.ActiveCfg = Release|Any CPU
		{66CEDE37-478C-4F91-A2A4-4C28D87D3283}.Release|iPhoneSimulator.ActiveCfg = Release|Any CPU
		{66CEDE37-478C-4F91-A2A4-4C28D87D3283}.Release|Mixed Platforms.ActiveCfg = Release|Any CPU
		{66CEDE37-478C-4F91-A2A4-4C28D87D3283}.Release|Mixed Platforms.Build.0 = Release|Any CPU
		{13246D8B-B197-4150-A287-F9B82ACF91C8}.Ad-Hoc|Any CPU.ActiveCfg = Ad-Hoc|iPhone
		{13246D8B-B197-4150-A287-F9B82ACF91C8}.Ad-Hoc|iPhone.ActiveCfg = Ad-Hoc|iPhone
		{13246D8B-B197-4150-A287-F9B82ACF91C8}.Ad-Hoc|iPhone.Build.0 = Ad-Hoc|iPhone
		{13246D8B-B197-4150-A287-F9B82ACF91C8}.Ad-Hoc|iPhoneSimulator.ActiveCfg = Ad-Hoc|iPhoneSimulator
		{13246D8B-B197-4150-A287-F9B82ACF91C8}.Ad-Hoc|iPhoneSimulator.Build.0 = Ad-Hoc|iPhoneSimulator
		{13246D8B-B197-4150-A287-F9B82ACF91C8}.Ad-Hoc|Mixed Platforms.ActiveCfg = Ad-Hoc|iPhone
		{13246D8B-B197-4150-A287-F9B82ACF91C8}.Ad-Hoc|Mixed Platforms.Build.0 = Ad-Hoc|iPhone
		{13246D8B-B197-4150-A287-F9B82ACF91C8}.AppStore|Any CPU.ActiveCfg = AppStore|iPhone
		{13246D8B-B197-4150-A287-F9B82ACF91C8}.AppStore|iPhone.ActiveCfg = AppStore|iPhone
		{13246D8B-B197-4150-A287-F9B82ACF91C8}.AppStore|iPhone.Build.0 = AppStore|iPhone
		{13246D8B-B197-4150-A287-F9B82ACF91C8}.AppStore|iPhoneSimulator.ActiveCfg = AppStore|iPhoneSimulator
		{13246D8B-B197-4150-A287-F9B82ACF91C8}.AppStore|iPhoneSimulator.Build.0 = AppStore|iPhoneSimulator
		{13246D8B-B197-4150-A287-F9B82ACF91C8}.AppStore|Mixed Platforms.ActiveCfg = AppStore|iPhone
		{13246D8B-B197-4150-A287-F9B82ACF91C8}.AppStore|Mixed Platforms.Build.0 = AppStore|iPhone
		{13246D8B-B197-4150-A287-F9B82ACF91C8}.Debug|Any CPU.ActiveCfg = Debug|iPhone
		{13246D8B-B197-4150-A287-F9B82ACF91C8}.Debug|iPhone.ActiveCfg = Debug|iPhone
		{13246D8B-B197-4150-A287-F9B82ACF91C8}.Debug|iPhone.Build.0 = Debug|iPhone
		{13246D8B-B197-4150-A287-F9B82ACF91C8}.Debug|iPhoneSimulator.ActiveCfg = Debug|iPhoneSimulator
		{13246D8B-B197-4150-A287-F9B82ACF91C8}.Debug|iPhoneSimulator.Build.0 = Debug|iPhoneSimulator
		{13246D8B-B197-4150-A287-F9B82ACF91C8}.Debug|Mixed Platforms.ActiveCfg = Debug|iPhone
		{13246D8B-B197-4150-A287-F9B82ACF91C8}.Debug|Mixed Platforms.Build.0 = Debug|iPhone
		{13246D8B-B197-4150-A287-F9B82ACF91C8}.Release|Any CPU.ActiveCfg = Release|iPhone
		{13246D8B-B197-4150-A287-F9B82ACF91C8}.Release|iPhone.ActiveCfg = Release|iPhone
		{13246D8B-B197-4150-A287-F9B82ACF91C8}.Release|iPhone.Build.0 = Release|iPhone
		{13246D8B-B197-4150-A287-F9B82ACF91C8}.Release|iPhoneSimulator.ActiveCfg = Release|iPhoneSimulator
		{13246D8B-B197-4150-A287-F9B82ACF91C8}.Release|iPhoneSimulator.Build.0 = Release|iPhoneSimulator
		{13246D8B-B197-4150-A287-F9B82ACF91C8}.Release|Mixed Platforms.ActiveCfg = Release|iPhone
		{13246D8B-B197-4150-A287-F9B82ACF91C8}.Release|Mixed Platforms.Build.0 = Release|iPhone
		{8CF6972F-12F8-4EAC-B711-4177948C9273}.Ad-Hoc|Any CPU.ActiveCfg = Release|Any CPU
		{8CF6972F-12F8-4EAC-B711-4177948C9273}.Ad-Hoc|Any CPU.Build.0 = Release|Any CPU
		{8CF6972F-12F8-4EAC-B711-4177948C9273}.Ad-Hoc|Any CPU.Deploy.0 = Release|Any CPU
		{8CF6972F-12F8-4EAC-B711-4177948C9273}.Ad-Hoc|iPhone.ActiveCfg = Release|Any CPU
		{8CF6972F-12F8-4EAC-B711-4177948C9273}.Ad-Hoc|iPhoneSimulator.ActiveCfg = Release|Any CPU
		{8CF6972F-12F8-4EAC-B711-4177948C9273}.Ad-Hoc|Mixed Platforms.ActiveCfg = Release|Any CPU
		{8CF6972F-12F8-4EAC-B711-4177948C9273}.Ad-Hoc|Mixed Platforms.Build.0 = Release|Any CPU
		{8CF6972F-12F8-4EAC-B711-4177948C9273}.Ad-Hoc|Mixed Platforms.Deploy.0 = Release|Any CPU
		{8CF6972F-12F8-4EAC-B711-4177948C9273}.AppStore|Any CPU.ActiveCfg = Release|Any CPU
		{8CF6972F-12F8-4EAC-B711-4177948C9273}.AppStore|Any CPU.Build.0 = Release|Any CPU
		{8CF6972F-12F8-4EAC-B711-4177948C9273}.AppStore|Any CPU.Deploy.0 = Release|Any CPU
		{8CF6972F-12F8-4EAC-B711-4177948C9273}.AppStore|iPhone.ActiveCfg = Release|Any CPU
		{8CF6972F-12F8-4EAC-B711-4177948C9273}.AppStore|iPhoneSimulator.ActiveCfg = Release|Any CPU
		{8CF6972F-12F8-4EAC-B711-4177948C9273}.AppStore|Mixed Platforms.ActiveCfg = Release|Any CPU
		{8CF6972F-12F8-4EAC-B711-4177948C9273}.AppStore|Mixed Platforms.Build.0 = Release|Any CPU
		{8CF6972F-12F8-4EAC-B711-4177948C9273}.AppStore|Mixed Platforms.Deploy.0 = Release|Any CPU
		{8CF6972F-12F8-4EAC-B711-4177948C9273}.Debug|Any CPU.ActiveCfg = Debug|Any CPU
		{8CF6972F-12F8-4EAC-B711-4177948C9273}.Debug|Any CPU.Build.0 = Debug|Any CPU
		{8CF6972F-12F8-4EAC-B711-4177948C9273}.Debug|Any CPU.Deploy.0 = Debug|Any CPU
		{8CF6972F-12F8-4EAC-B711-4177948C9273}.Debug|iPhone.ActiveCfg = Debug|Any CPU
		{8CF6972F-12F8-4EAC-B711-4177948C9273}.Debug|iPhoneSimulator.ActiveCfg = Debug|Any CPU
		{8CF6972F-12F8-4EAC-B711-4177948C9273}.Debug|Mixed Platforms.ActiveCfg = Debug|Any CPU
		{8CF6972F-12F8-4EAC-B711-4177948C9273}.Debug|Mixed Platforms.Build.0 = Debug|Any CPU
		{8CF6972F-12F8-4EAC-B711-4177948C9273}.Debug|Mixed Platforms.Deploy.0 = Debug|Any CPU
		{8CF6972F-12F8-4EAC-B711-4177948C9273}.Release|Any CPU.ActiveCfg = Release|Any CPU
		{8CF6972F-12F8-4EAC-B711-4177948C9273}.Release|Any CPU.Build.0 = Release|Any CPU
		{8CF6972F-12F8-4EAC-B711-4177948C9273}.Release|Any CPU.Deploy.0 = Release|Any CPU
		{8CF6972F-12F8-4EAC-B711-4177948C9273}.Release|iPhone.ActiveCfg = Release|Any CPU
		{8CF6972F-12F8-4EAC-B711-4177948C9273}.Release|iPhoneSimulator.ActiveCfg = Release|Any CPU
		{8CF6972F-12F8-4EAC-B711-4177948C9273}.Release|Mixed Platforms.ActiveCfg = Release|Any CPU
		{8CF6972F-12F8-4EAC-B711-4177948C9273}.Release|Mixed Platforms.Build.0 = Release|Any CPU
		{8CF6972F-12F8-4EAC-B711-4177948C9273}.Release|Mixed Platforms.Deploy.0 = Release|Any CPU
	EndGlobalSection
	GlobalSection(SolutionProperties) = preSolution
		HideSolutionNode = FALSE
	EndGlobalSection
EndGlobal
